// !$*UTF8*$!
{
	archiveVersion = 1;
	classes = {
	};
	objectVersion = 46;
	objects = {

/* Begin PBXBuildFile section */
		1881645075E9E7B2E8B85D5E /* Pods_ZNWeibo.framework in Frameworks */ = {isa = PBXBuildFile; fileRef = 7064564121860517A8BD7ED0 /* Pods_ZNWeibo.framework */; };
		5C46CF4F1D320FE300EDEBCB /* UserAccountViewModel.swift in Sources */ = {isa = PBXBuildFile; fileRef = 5C46CF4E1D320FE300EDEBCB /* UserAccountViewModel.swift */; };
		5C753BC71D30A6EB00000384 /* Common.swift in Sources */ = {isa = PBXBuildFile; fileRef = 5C753BC61D30A6EB00000384 /* Common.swift */; };
		5C7A68BF1D34F194005A329F /* Status.swift in Sources */ = {isa = PBXBuildFile; fileRef = 5C7A68BE1D34F194005A329F /* Status.swift */; };
		5C8033F61D309C3000BEA75F /* NetworkTools.swift in Sources */ = {isa = PBXBuildFile; fileRef = 5C8033F51D309C3000BEA75F /* NetworkTools.swift */; };
		5C8033FA1D30A1E200BEA75F /* OAuthViewController.swift in Sources */ = {isa = PBXBuildFile; fileRef = 5C8033F81D30A1E200BEA75F /* OAuthViewController.swift */; };
		5C8033FB1D30A1E200BEA75F /* OAuthViewController.xib in Resources */ = {isa = PBXBuildFile; fileRef = 5C8033F91D30A1E200BEA75F /* OAuthViewController.xib */; };
		5C87CEB61D333BE700D32A0C /* WelcomeViewController.swift in Sources */ = {isa = PBXBuildFile; fileRef = 5C87CEB41D333BE700D32A0C /* WelcomeViewController.swift */; };
		5C87CEB71D333BE700D32A0C /* WelcomeViewController.xib in Resources */ = {isa = PBXBuildFile; fileRef = 5C87CEB51D333BE700D32A0C /* WelcomeViewController.xib */; };
		5CD964FD1D30C6A300AC6B57 /* UserAccount.swift in Sources */ = {isa = PBXBuildFile; fileRef = 5CD964FC1D30C6A300AC6B57 /* UserAccount.swift */; };
		9108DBD11D3009A400110C85 /* ZNPresentationController.swift in Sources */ = {isa = PBXBuildFile; fileRef = 9108DBD01D3009A400110C85 /* ZNPresentationController.swift */; };
		9108DBD31D30104300110C85 /* PopoverAnimator.swift in Sources */ = {isa = PBXBuildFile; fileRef = 9108DBD21D30104300110C85 /* PopoverAnimator.swift */; };
		910A694C1D2D5D210010ACD9 /* MainViewController.swift in Sources */ = {isa = PBXBuildFile; fileRef = 910A694B1D2D5D210010ACD9 /* MainViewController.swift */; };
		910A694E1D2D5D630010ACD9 /* HomeViewController.swift in Sources */ = {isa = PBXBuildFile; fileRef = 910A694D1D2D5D630010ACD9 /* HomeViewController.swift */; };
		910A69501D2D5D6F0010ACD9 /* MessageViewController.swift in Sources */ = {isa = PBXBuildFile; fileRef = 910A694F1D2D5D6F0010ACD9 /* MessageViewController.swift */; };
		910A69521D2D5D770010ACD9 /* DiscoverViewController.swift in Sources */ = {isa = PBXBuildFile; fileRef = 910A69511D2D5D770010ACD9 /* DiscoverViewController.swift */; };
		910A69541D2D5D7E0010ACD9 /* ProfileViewController.swift in Sources */ = {isa = PBXBuildFile; fileRef = 910A69531D2D5D7E0010ACD9 /* ProfileViewController.swift */; };
		9199155E1D2E9589002F1A13 /* ZNTabBar.swift in Sources */ = {isa = PBXBuildFile; fileRef = 9199155D1D2E9589002F1A13 /* ZNTabBar.swift */; };
		919915671D2EC3D2002F1A13 /* MainVCSettings.json in Resources */ = {isa = PBXBuildFile; fileRef = 919915661D2EC3D2002F1A13 /* MainVCSettings.json */; };
		9199156A1D2EC44D002F1A13 /* BaseViewController.swift in Sources */ = {isa = PBXBuildFile; fileRef = 919915691D2EC44D002F1A13 /* BaseViewController.swift */; };
		9199156E1D2EC4A7002F1A13 /* UIButton-Extension.swift in Sources */ = {isa = PBXBuildFile; fileRef = 9199156D1D2EC4A7002F1A13 /* UIButton-Extension.swift */; };
		919915721D2EC53E002F1A13 /* VisitorView.swift in Sources */ = {isa = PBXBuildFile; fileRef = 919915711D2EC53E002F1A13 /* VisitorView.swift */; };
		919915741D2EC54F002F1A13 /* VisitorView.xib in Resources */ = {isa = PBXBuildFile; fileRef = 919915731D2EC54F002F1A13 /* VisitorView.xib */; };
		91991A1A1D2D3B0300D2E9FD /* AppDelegate.swift in Sources */ = {isa = PBXBuildFile; fileRef = 91991A191D2D3B0300D2E9FD /* AppDelegate.swift */; };
		91991A1F1D2D3B0300D2E9FD /* Main.storyboard in Resources */ = {isa = PBXBuildFile; fileRef = 91991A1D1D2D3B0300D2E9FD /* Main.storyboard */; };
		91991A211D2D3B0300D2E9FD /* Assets.xcassets in Resources */ = {isa = PBXBuildFile; fileRef = 91991A201D2D3B0300D2E9FD /* Assets.xcassets */; };
		91991A2F1D2D3B0300D2E9FD /* ZNWeiboTests.swift in Sources */ = {isa = PBXBuildFile; fileRef = 91991A2E1D2D3B0300D2E9FD /* ZNWeiboTests.swift */; };
		91991A3A1D2D3B0300D2E9FD /* ZNWeiboUITests.swift in Sources */ = {isa = PBXBuildFile; fileRef = 91991A391D2D3B0300D2E9FD /* ZNWeiboUITests.swift */; };
		91C7B3101D2FFE7A0054AD77 /* UIBarButtonItem-Extension.swift in Sources */ = {isa = PBXBuildFile; fileRef = 91C7B30F1D2FFE7A0054AD77 /* UIBarButtonItem-Extension.swift */; };
		91C7B3121D2FFF2B0054AD77 /* TitleButton.swift in Sources */ = {isa = PBXBuildFile; fileRef = 91C7B3111D2FFF2B0054AD77 /* TitleButton.swift */; };
		91C7B3151D3004500054AD77 /* PopoverViewController.swift in Sources */ = {isa = PBXBuildFile; fileRef = 91C7B3141D3004500054AD77 /* PopoverViewController.swift */; };
		91C7B3171D30045C0054AD77 /* PopoverViewController.xib in Resources */ = {isa = PBXBuildFile; fileRef = 91C7B3161D30045C0054AD77 /* PopoverViewController.xib */; };
/* End PBXBuildFile section */

/* Begin PBXContainerItemProxy section */
		91991A2B1D2D3B0300D2E9FD /* PBXContainerItemProxy */ = {
			isa = PBXContainerItemProxy;
			containerPortal = 91991A0E1D2D3B0300D2E9FD /* Project object */;
			proxyType = 1;
			remoteGlobalIDString = 91991A151D2D3B0300D2E9FD;
			remoteInfo = ZNWeibo;
		};
		91991A361D2D3B0300D2E9FD /* PBXContainerItemProxy */ = {
			isa = PBXContainerItemProxy;
			containerPortal = 91991A0E1D2D3B0300D2E9FD /* Project object */;
			proxyType = 1;
			remoteGlobalIDString = 91991A151D2D3B0300D2E9FD;
			remoteInfo = ZNWeibo;
		};
/* End PBXContainerItemProxy section */

/* Begin PBXFileReference section */
		4DF3664785323A256DE64B16 /* Pods-ZNWeibo.debug.xcconfig */ = {isa = PBXFileReference; includeInIndex = 1; lastKnownFileType = text.xcconfig; name = "Pods-ZNWeibo.debug.xcconfig"; path = "Pods/Target Support Files/Pods-ZNWeibo/Pods-ZNWeibo.debug.xcconfig"; sourceTree = "<group>"; };
		5C46CF4E1D320FE300EDEBCB /* UserAccountViewModel.swift */ = {isa = PBXFileReference; fileEncoding = 4; lastKnownFileType = sourcecode.swift; path = UserAccountViewModel.swift; sourceTree = "<group>"; };
		5C753BC61D30A6EB00000384 /* Common.swift */ = {isa = PBXFileReference; fileEncoding = 4; lastKnownFileType = sourcecode.swift; path = Common.swift; sourceTree = "<group>"; };
		5C7A68BE1D34F194005A329F /* Status.swift */ = {isa = PBXFileReference; fileEncoding = 4; lastKnownFileType = sourcecode.swift; path = Status.swift; sourceTree = "<group>"; };
		5C8033F51D309C3000BEA75F /* NetworkTools.swift */ = {isa = PBXFileReference; fileEncoding = 4; lastKnownFileType = sourcecode.swift; path = NetworkTools.swift; sourceTree = "<group>"; };
		5C8033F81D30A1E200BEA75F /* OAuthViewController.swift */ = {isa = PBXFileReference; fileEncoding = 4; lastKnownFileType = sourcecode.swift; path = OAuthViewController.swift; sourceTree = "<group>"; };
		5C8033F91D30A1E200BEA75F /* OAuthViewController.xib */ = {isa = PBXFileReference; fileEncoding = 4; lastKnownFileType = file.xib; path = OAuthViewController.xib; sourceTree = "<group>"; };
		5C87CEB41D333BE700D32A0C /* WelcomeViewController.swift */ = {isa = PBXFileReference; fileEncoding = 4; lastKnownFileType = sourcecode.swift; path = WelcomeViewController.swift; sourceTree = "<group>"; };
		5C87CEB51D333BE700D32A0C /* WelcomeViewController.xib */ = {isa = PBXFileReference; fileEncoding = 4; lastKnownFileType = file.xib; path = WelcomeViewController.xib; sourceTree = "<group>"; };
		5CD964FC1D30C6A300AC6B57 /* UserAccount.swift */ = {isa = PBXFileReference; fileEncoding = 4; lastKnownFileType = sourcecode.swift; path = UserAccount.swift; sourceTree = "<group>"; };
		7064564121860517A8BD7ED0 /* Pods_ZNWeibo.framework */ = {isa = PBXFileReference; explicitFileType = wrapper.framework; includeInIndex = 0; path = Pods_ZNWeibo.framework; sourceTree = BUILT_PRODUCTS_DIR; };
		9108DBD01D3009A400110C85 /* ZNPresentationController.swift */ = {isa = PBXFileReference; fileEncoding = 4; lastKnownFileType = sourcecode.swift; path = ZNPresentationController.swift; sourceTree = "<group>"; };
		9108DBD21D30104300110C85 /* PopoverAnimator.swift */ = {isa = PBXFileReference; fileEncoding = 4; lastKnownFileType = sourcecode.swift; path = PopoverAnimator.swift; sourceTree = "<group>"; };
		910A694B1D2D5D210010ACD9 /* MainViewController.swift */ = {isa = PBXFileReference; fileEncoding = 4; lastKnownFileType = sourcecode.swift; path = MainViewController.swift; sourceTree = "<group>"; };
		910A694D1D2D5D630010ACD9 /* HomeViewController.swift */ = {isa = PBXFileReference; fileEncoding = 4; lastKnownFileType = sourcecode.swift; path = HomeViewController.swift; sourceTree = "<group>"; };
		910A694F1D2D5D6F0010ACD9 /* MessageViewController.swift */ = {isa = PBXFileReference; fileEncoding = 4; lastKnownFileType = sourcecode.swift; path = MessageViewController.swift; sourceTree = "<group>"; };
		910A69511D2D5D770010ACD9 /* DiscoverViewController.swift */ = {isa = PBXFileReference; fileEncoding = 4; lastKnownFileType = sourcecode.swift; path = DiscoverViewController.swift; sourceTree = "<group>"; };
		910A69531D2D5D7E0010ACD9 /* ProfileViewController.swift */ = {isa = PBXFileReference; fileEncoding = 4; lastKnownFileType = sourcecode.swift; path = ProfileViewController.swift; sourceTree = "<group>"; };
		9199155D1D2E9589002F1A13 /* ZNTabBar.swift */ = {isa = PBXFileReference; fileEncoding = 4; lastKnownFileType = sourcecode.swift; path = ZNTabBar.swift; sourceTree = "<group>"; };
		919915661D2EC3D2002F1A13 /* MainVCSettings.json */ = {isa = PBXFileReference; fileEncoding = 4; lastKnownFileType = text.json; path = MainVCSettings.json; sourceTree = "<group>"; };
		919915691D2EC44D002F1A13 /* BaseViewController.swift */ = {isa = PBXFileReference; fileEncoding = 4; lastKnownFileType = sourcecode.swift; path = BaseViewController.swift; sourceTree = "<group>"; };
		9199156D1D2EC4A7002F1A13 /* UIButton-Extension.swift */ = {isa = PBXFileReference; fileEncoding = 4; lastKnownFileType = sourcecode.swift; path = "UIButton-Extension.swift"; sourceTree = "<group>"; };
		919915711D2EC53E002F1A13 /* VisitorView.swift */ = {isa = PBXFileReference; fileEncoding = 4; lastKnownFileType = sourcecode.swift; path = VisitorView.swift; sourceTree = "<group>"; };
		919915731D2EC54F002F1A13 /* VisitorView.xib */ = {isa = PBXFileReference; fileEncoding = 4; lastKnownFileType = file.xib; path = VisitorView.xib; sourceTree = "<group>"; };
		91991A161D2D3B0300D2E9FD /* ZNWeibo.app */ = {isa = PBXFileReference; explicitFileType = wrapper.application; includeInIndex = 0; path = ZNWeibo.app; sourceTree = BUILT_PRODUCTS_DIR; };
		91991A191D2D3B0300D2E9FD /* AppDelegate.swift */ = {isa = PBXFileReference; lastKnownFileType = sourcecode.swift; path = AppDelegate.swift; sourceTree = "<group>"; };
		91991A1E1D2D3B0300D2E9FD /* Base */ = {isa = PBXFileReference; lastKnownFileType = file.storyboard; name = Base; path = Base.lproj/Main.storyboard; sourceTree = "<group>"; };
		91991A201D2D3B0300D2E9FD /* Assets.xcassets */ = {isa = PBXFileReference; lastKnownFileType = folder.assetcatalog; path = Assets.xcassets; sourceTree = "<group>"; };
		91991A251D2D3B0300D2E9FD /* Info.plist */ = {isa = PBXFileReference; lastKnownFileType = text.plist.xml; path = Info.plist; sourceTree = "<group>"; };
		91991A2A1D2D3B0300D2E9FD /* ZNWeiboTests.xctest */ = {isa = PBXFileReference; explicitFileType = wrapper.cfbundle; includeInIndex = 0; path = ZNWeiboTests.xctest; sourceTree = BUILT_PRODUCTS_DIR; };
		91991A2E1D2D3B0300D2E9FD /* ZNWeiboTests.swift */ = {isa = PBXFileReference; lastKnownFileType = sourcecode.swift; path = ZNWeiboTests.swift; sourceTree = "<group>"; };
		91991A301D2D3B0300D2E9FD /* Info.plist */ = {isa = PBXFileReference; lastKnownFileType = text.plist.xml; path = Info.plist; sourceTree = "<group>"; };
		91991A351D2D3B0300D2E9FD /* ZNWeiboUITests.xctest */ = {isa = PBXFileReference; explicitFileType = wrapper.cfbundle; includeInIndex = 0; path = ZNWeiboUITests.xctest; sourceTree = BUILT_PRODUCTS_DIR; };
		91991A391D2D3B0300D2E9FD /* ZNWeiboUITests.swift */ = {isa = PBXFileReference; lastKnownFileType = sourcecode.swift; path = ZNWeiboUITests.swift; sourceTree = "<group>"; };
		91991A3B1D2D3B0300D2E9FD /* Info.plist */ = {isa = PBXFileReference; lastKnownFileType = text.plist.xml; path = Info.plist; sourceTree = "<group>"; };
		91C7B30F1D2FFE7A0054AD77 /* UIBarButtonItem-Extension.swift */ = {isa = PBXFileReference; fileEncoding = 4; lastKnownFileType = sourcecode.swift; path = "UIBarButtonItem-Extension.swift"; sourceTree = "<group>"; };
		91C7B3111D2FFF2B0054AD77 /* TitleButton.swift */ = {isa = PBXFileReference; fileEncoding = 4; lastKnownFileType = sourcecode.swift; path = TitleButton.swift; sourceTree = "<group>"; };
		91C7B3141D3004500054AD77 /* PopoverViewController.swift */ = {isa = PBXFileReference; fileEncoding = 4; lastKnownFileType = sourcecode.swift; path = PopoverViewController.swift; sourceTree = "<group>"; };
		91C7B3161D30045C0054AD77 /* PopoverViewController.xib */ = {isa = PBXFileReference; fileEncoding = 4; lastKnownFileType = file.xib; path = PopoverViewController.xib; sourceTree = "<group>"; };
		D29CFCDFCCAEC265826BFF91 /* Pods-ZNWeibo.release.xcconfig */ = {isa = PBXFileReference; includeInIndex = 1; lastKnownFileType = text.xcconfig; name = "Pods-ZNWeibo.release.xcconfig"; path = "Pods/Target Support Files/Pods-ZNWeibo/Pods-ZNWeibo.release.xcconfig"; sourceTree = "<group>"; };
/* End PBXFileReference section */

/* Begin PBXFrameworksBuildPhase section */
		91991A131D2D3B0300D2E9FD /* Frameworks */ = {
			isa = PBXFrameworksBuildPhase;
			buildActionMask = 2147483647;
			files = (
				1881645075E9E7B2E8B85D5E /* Pods_ZNWeibo.framework in Frameworks */,
			);
			runOnlyForDeploymentPostprocessing = 0;
		};
		91991A271D2D3B0300D2E9FD /* Frameworks */ = {
			isa = PBXFrameworksBuildPhase;
			buildActionMask = 2147483647;
			files = (
			);
			runOnlyForDeploymentPostprocessing = 0;
		};
		91991A321D2D3B0300D2E9FD /* Frameworks */ = {
			isa = PBXFrameworksBuildPhase;
			buildActionMask = 2147483647;
			files = (
			);
			runOnlyForDeploymentPostprocessing = 0;
		};
/* End PBXFrameworksBuildPhase section */

/* Begin PBXGroup section */
		0BFFD4F63BDCB8C45B3A471C /* Pods */ = {
			isa = PBXGroup;
			children = (
				4DF3664785323A256DE64B16 /* Pods-ZNWeibo.debug.xcconfig */,
				D29CFCDFCCAEC265826BFF91 /* Pods-ZNWeibo.release.xcconfig */,
			);
			name = Pods;
			sourceTree = "<group>";
		};
		5C7A68BD1D34F10C005A329F /* HomeModel */ = {
			isa = PBXGroup;
			children = (
				5C7A68BE1D34F194005A329F /* Status.swift */,
			);
			path = HomeModel;
			sourceTree = "<group>";
		};
		5C8033F71D30A1B000BEA75F /* OAuth */ = {
			isa = PBXGroup;
			children = (
				5C8033F81D30A1E200BEA75F /* OAuthViewController.swift */,
				5C8033F91D30A1E200BEA75F /* OAuthViewController.xib */,
				5CD964FC1D30C6A300AC6B57 /* UserAccount.swift */,
				5C46CF4E1D320FE300EDEBCB /* UserAccountViewModel.swift */,
			);
			path = OAuth;
			sourceTree = "<group>";
		};
		5C87CEB31D333BAA00D32A0C /* Welcome */ = {
			isa = PBXGroup;
			children = (
				5C87CEB41D333BE700D32A0C /* WelcomeViewController.swift */,
				5C87CEB51D333BE700D32A0C /* WelcomeViewController.xib */,
			);
			path = Welcome;
			sourceTree = "<group>";
		};
		910A69451D2D5BA90010ACD9 /* Classes */ = {
			isa = PBXGroup;
			children = (
				910A69481D2D5BA90010ACD9 /* Main */,
				910A69471D2D5BA90010ACD9 /* Home */,
				910A69491D2D5BA90010ACD9 /* Message */,
				910A69461D2D5BA90010ACD9 /* Discover */,
				910A694A1D2D5BA90010ACD9 /* Profile */,
				9199156B1D2EC4A7002F1A13 /* Tools */,
			);
			path = Classes;
			sourceTree = "<group>";
		};
		910A69461D2D5BA90010ACD9 /* Discover */ = {
			isa = PBXGroup;
			children = (
				910A69511D2D5D770010ACD9 /* DiscoverViewController.swift */,
			);
			path = Discover;
			sourceTree = "<group>";
		};
		910A69471D2D5BA90010ACD9 /* Home */ = {
			isa = PBXGroup;
			children = (
				5C7A68BD1D34F10C005A329F /* HomeModel */,
				91C7B3131D3003F10054AD77 /* UIPopover */,
				910A694D1D2D5D630010ACD9 /* HomeViewController.swift */,
			);
			path = Home;
			sourceTree = "<group>";
		};
		910A69481D2D5BA90010ACD9 /* Main */ = {
			isa = PBXGroup;
			children = (
				5C87CEB31D333BAA00D32A0C /* Welcome */,
				5C8033F71D30A1B000BEA75F /* OAuth */,
				919915651D2EC3D2002F1A13 /* Resource */,
				919915681D2EC422002F1A13 /* Visitor */,
				910A694B1D2D5D210010ACD9 /* MainViewController.swift */,
				9199155D1D2E9589002F1A13 /* ZNTabBar.swift */,
			);
			path = Main;
			sourceTree = "<group>";
		};
		910A69491D2D5BA90010ACD9 /* Message */ = {
			isa = PBXGroup;
			children = (
				910A694F1D2D5D6F0010ACD9 /* MessageViewController.swift */,
			);
			path = Message;
			sourceTree = "<group>";
		};
		910A694A1D2D5BA90010ACD9 /* Profile */ = {
			isa = PBXGroup;
			children = (
				910A69531D2D5D7E0010ACD9 /* ProfileViewController.swift */,
			);
			path = Profile;
			sourceTree = "<group>";
		};
		919915651D2EC3D2002F1A13 /* Resource */ = {
			isa = PBXGroup;
			children = (
				919915661D2EC3D2002F1A13 /* MainVCSettings.json */,
			);
			path = Resource;
			sourceTree = "<group>";
		};
		919915681D2EC422002F1A13 /* Visitor */ = {
			isa = PBXGroup;
			children = (
				919915691D2EC44D002F1A13 /* BaseViewController.swift */,
				919915711D2EC53E002F1A13 /* VisitorView.swift */,
				919915731D2EC54F002F1A13 /* VisitorView.xib */,
			);
			path = Visitor;
			sourceTree = "<group>";
		};
		9199156B1D2EC4A7002F1A13 /* Tools */ = {
			isa = PBXGroup;
			children = (
				9199156C1D2EC4A7002F1A13 /* Category */,
				91C7B3111D2FFF2B0054AD77 /* TitleButton.swift */,
				5C8033F51D309C3000BEA75F /* NetworkTools.swift */,
				5C753BC61D30A6EB00000384 /* Common.swift */,
			);
			path = Tools;
			sourceTree = "<group>";
		};
		9199156C1D2EC4A7002F1A13 /* Category */ = {
			isa = PBXGroup;
			children = (
				9199156D1D2EC4A7002F1A13 /* UIButton-Extension.swift */,
				91C7B30F1D2FFE7A0054AD77 /* UIBarButtonItem-Extension.swift */,
			);
			path = Category;
			sourceTree = "<group>";
		};
		91991A0D1D2D3B0300D2E9FD = {
			isa = PBXGroup;
			children = (
				91991A181D2D3B0300D2E9FD /* ZNWeibo */,
				91991A2D1D2D3B0300D2E9FD /* ZNWeiboTests */,
				91991A381D2D3B0300D2E9FD /* ZNWeiboUITests */,
				91991A171D2D3B0300D2E9FD /* Products */,
				0BFFD4F63BDCB8C45B3A471C /* Pods */,
				B79512B3A914A839CCA6450C /* Frameworks */,
			);
			sourceTree = "<group>";
		};
		91991A171D2D3B0300D2E9FD /* Products */ = {
			isa = PBXGroup;
			children = (
				91991A161D2D3B0300D2E9FD /* ZNWeibo.app */,
				91991A2A1D2D3B0300D2E9FD /* ZNWeiboTests.xctest */,
				91991A351D2D3B0300D2E9FD /* ZNWeiboUITests.xctest */,
			);
			name = Products;
			sourceTree = "<group>";
		};
		91991A181D2D3B0300D2E9FD /* ZNWeibo */ = {
			isa = PBXGroup;
			children = (
				910A69451D2D5BA90010ACD9 /* Classes */,
				91991A191D2D3B0300D2E9FD /* AppDelegate.swift */,
				91991A1D1D2D3B0300D2E9FD /* Main.storyboard */,
				91991A201D2D3B0300D2E9FD /* Assets.xcassets */,
				91991A251D2D3B0300D2E9FD /* Info.plist */,
			);
			path = ZNWeibo;
			sourceTree = "<group>";
		};
		91991A2D1D2D3B0300D2E9FD /* ZNWeiboTests */ = {
			isa = PBXGroup;
			children = (
				91991A2E1D2D3B0300D2E9FD /* ZNWeiboTests.swift */,
				91991A301D2D3B0300D2E9FD /* Info.plist */,
			);
			path = ZNWeiboTests;
			sourceTree = "<group>";
		};
		91991A381D2D3B0300D2E9FD /* ZNWeiboUITests */ = {
			isa = PBXGroup;
			children = (
				91991A391D2D3B0300D2E9FD /* ZNWeiboUITests.swift */,
				91991A3B1D2D3B0300D2E9FD /* Info.plist */,
			);
			path = ZNWeiboUITests;
			sourceTree = "<group>";
		};
		91C7B3131D3003F10054AD77 /* UIPopover */ = {
			isa = PBXGroup;
			children = (
				91C7B3141D3004500054AD77 /* PopoverViewController.swift */,
				91C7B3161D30045C0054AD77 /* PopoverViewController.xib */,
				9108DBD01D3009A400110C85 /* ZNPresentationController.swift */,
				9108DBD21D30104300110C85 /* PopoverAnimator.swift */,
			);
			name = UIPopover;
			path = UIPopver;
			sourceTree = "<group>";
		};
		B79512B3A914A839CCA6450C /* Frameworks */ = {
			isa = PBXGroup;
			children = (
				7064564121860517A8BD7ED0 /* Pods_ZNWeibo.framework */,
			);
			name = Frameworks;
			sourceTree = "<group>";
		};
/* End PBXGroup section */

/* Begin PBXNativeTarget section */
		91991A151D2D3B0300D2E9FD /* ZNWeibo */ = {
			isa = PBXNativeTarget;
			buildConfigurationList = 91991A3E1D2D3B0300D2E9FD /* Build configuration list for PBXNativeTarget "ZNWeibo" */;
			buildPhases = (
				9DA4F5DBD114555184D0A919 /* [CP] Check Pods Manifest.lock */,
				91991A121D2D3B0300D2E9FD /* Sources */,
				91991A131D2D3B0300D2E9FD /* Frameworks */,
				91991A141D2D3B0300D2E9FD /* Resources */,
				D1DE5B75EB1248A03B097FDC /* [CP] Embed Pods Frameworks */,
				36EAC222E879D3F74209668D /* [CP] Copy Pods Resources */,
			);
			buildRules = (
			);
			dependencies = (
			);
			name = ZNWeibo;
			productName = ZNWeibo;
			productReference = 91991A161D2D3B0300D2E9FD /* ZNWeibo.app */;
			productType = "com.apple.product-type.application";
		};
		91991A291D2D3B0300D2E9FD /* ZNWeiboTests */ = {
			isa = PBXNativeTarget;
			buildConfigurationList = 91991A411D2D3B0300D2E9FD /* Build configuration list for PBXNativeTarget "ZNWeiboTests" */;
			buildPhases = (
				91991A261D2D3B0300D2E9FD /* Sources */,
				91991A271D2D3B0300D2E9FD /* Frameworks */,
				91991A281D2D3B0300D2E9FD /* Resources */,
			);
			buildRules = (
			);
			dependencies = (
				91991A2C1D2D3B0300D2E9FD /* PBXTargetDependency */,
			);
			name = ZNWeiboTests;
			productName = ZNWeiboTests;
			productReference = 91991A2A1D2D3B0300D2E9FD /* ZNWeiboTests.xctest */;
			productType = "com.apple.product-type.bundle.unit-test";
		};
		91991A341D2D3B0300D2E9FD /* ZNWeiboUITests */ = {
			isa = PBXNativeTarget;
			buildConfigurationList = 91991A441D2D3B0300D2E9FD /* Build configuration list for PBXNativeTarget "ZNWeiboUITests" */;
			buildPhases = (
				91991A311D2D3B0300D2E9FD /* Sources */,
				91991A321D2D3B0300D2E9FD /* Frameworks */,
				91991A331D2D3B0300D2E9FD /* Resources */,
			);
			buildRules = (
			);
			dependencies = (
				91991A371D2D3B0300D2E9FD /* PBXTargetDependency */,
			);
			name = ZNWeiboUITests;
			productName = ZNWeiboUITests;
			productReference = 91991A351D2D3B0300D2E9FD /* ZNWeiboUITests.xctest */;
			productType = "com.apple.product-type.bundle.ui-testing";
		};
/* End PBXNativeTarget section */

/* Begin PBXProject section */
		91991A0E1D2D3B0300D2E9FD /* Project object */ = {
			isa = PBXProject;
			attributes = {
				LastSwiftUpdateCheck = 0730;
				LastUpgradeCheck = 0730;
				ORGANIZATIONNAME = zn;
				TargetAttributes = {
					91991A151D2D3B0300D2E9FD = {
						CreatedOnToolsVersion = 7.3.1;
					};
					91991A291D2D3B0300D2E9FD = {
						CreatedOnToolsVersion = 7.3.1;
						TestTargetID = 91991A151D2D3B0300D2E9FD;
					};
					91991A341D2D3B0300D2E9FD = {
						CreatedOnToolsVersion = 7.3.1;
						TestTargetID = 91991A151D2D3B0300D2E9FD;
					};
				};
			};
			buildConfigurationList = 91991A111D2D3B0300D2E9FD /* Build configuration list for PBXProject "ZNWeibo" */;
			compatibilityVersion = "Xcode 3.2";
			developmentRegion = English;
			hasScannedForEncodings = 0;
			knownRegions = (
				en,
				Base,
			);
			mainGroup = 91991A0D1D2D3B0300D2E9FD;
			productRefGroup = 91991A171D2D3B0300D2E9FD /* Products */;
			projectDirPath = "";
			projectRoot = "";
			targets = (
				91991A151D2D3B0300D2E9FD /* ZNWeibo */,
				91991A291D2D3B0300D2E9FD /* ZNWeiboTests */,
				91991A341D2D3B0300D2E9FD /* ZNWeiboUITests */,
			);
		};
/* End PBXProject section */

/* Begin PBXResourcesBuildPhase section */
		91991A141D2D3B0300D2E9FD /* Resources */ = {
			isa = PBXResourcesBuildPhase;
			buildActionMask = 2147483647;
			files = (
				91991A211D2D3B0300D2E9FD /* Assets.xcassets in Resources */,
				5C87CEB71D333BE700D32A0C /* WelcomeViewController.xib in Resources */,
				919915741D2EC54F002F1A13 /* VisitorView.xib in Resources */,
				91991A1F1D2D3B0300D2E9FD /* Main.storyboard in Resources */,
				919915671D2EC3D2002F1A13 /* MainVCSettings.json in Resources */,
				5C8033FB1D30A1E200BEA75F /* OAuthViewController.xib in Resources */,
				91C7B3171D30045C0054AD77 /* PopoverViewController.xib in Resources */,
			);
			runOnlyForDeploymentPostprocessing = 0;
		};
		91991A281D2D3B0300D2E9FD /* Resources */ = {
			isa = PBXResourcesBuildPhase;
			buildActionMask = 2147483647;
			files = (
			);
			runOnlyForDeploymentPostprocessing = 0;
		};
		91991A331D2D3B0300D2E9FD /* Resources */ = {
			isa = PBXResourcesBuildPhase;
			buildActionMask = 2147483647;
			files = (
			);
			runOnlyForDeploymentPostprocessing = 0;
		};
/* End PBXResourcesBuildPhase section */

/* Begin PBXShellScriptBuildPhase section */
		36EAC222E879D3F74209668D /* [CP] Copy Pods Resources */ = {
			isa = PBXShellScriptBuildPhase;
			buildActionMask = 2147483647;
			files = (
			);
			inputPaths = (
			);
			name = "[CP] Copy Pods Resources";
			outputPaths = (
			);
			runOnlyForDeploymentPostprocessing = 0;
			shellPath = /bin/sh;
			shellScript = "\"${SRCROOT}/Pods/Target Support Files/Pods-ZNWeibo/Pods-ZNWeibo-resources.sh\"\n";
			showEnvVarsInLog = 0;
		};
		9DA4F5DBD114555184D0A919 /* [CP] Check Pods Manifest.lock */ = {
			isa = PBXShellScriptBuildPhase;
			buildActionMask = 2147483647;
			files = (
			);
			inputPaths = (
			);
			name = "[CP] Check Pods Manifest.lock";
			outputPaths = (
			);
			runOnlyForDeploymentPostprocessing = 0;
			shellPath = /bin/sh;
			shellScript = "diff \"${PODS_ROOT}/../Podfile.lock\" \"${PODS_ROOT}/Manifest.lock\" > /dev/null\nif [[ $? != 0 ]] ; then\n    cat << EOM\nerror: The sandbox is not in sync with the Podfile.lock. Run 'pod install' or update your CocoaPods installation.\nEOM\n    exit 1\nfi\n";
			showEnvVarsInLog = 0;
		};
		D1DE5B75EB1248A03B097FDC /* [CP] Embed Pods Frameworks */ = {
			isa = PBXShellScriptBuildPhase;
			buildActionMask = 2147483647;
			files = (
			);
			inputPaths = (
			);
			name = "[CP] Embed Pods Frameworks";
			outputPaths = (
			);
			runOnlyForDeploymentPostprocessing = 0;
			shellPath = /bin/sh;
			shellScript = "\"${SRCROOT}/Pods/Target Support Files/Pods-ZNWeibo/Pods-ZNWeibo-frameworks.sh\"\n";
			showEnvVarsInLog = 0;
		};
/* End PBXShellScriptBuildPhase section */

/* Begin PBXSourcesBuildPhase section */
		91991A121D2D3B0300D2E9FD /* Sources */ = {
			isa = PBXSourcesBuildPhase;
			buildActionMask = 2147483647;
			files = (
				9108DBD11D3009A400110C85 /* ZNPresentationController.swift in Sources */,
				910A69541D2D5D7E0010ACD9 /* ProfileViewController.swift in Sources */,
				9199156E1D2EC4A7002F1A13 /* UIButton-Extension.swift in Sources */,
				5C8033FA1D30A1E200BEA75F /* OAuthViewController.swift in Sources */,
				5C753BC71D30A6EB00000384 /* Common.swift in Sources */,
				5CD964FD1D30C6A300AC6B57 /* UserAccount.swift in Sources */,
				5C87CEB61D333BE700D32A0C /* WelcomeViewController.swift in Sources */,
				5C46CF4F1D320FE300EDEBCB /* UserAccountViewModel.swift in Sources */,
				91C7B3151D3004500054AD77 /* PopoverViewController.swift in Sources */,
				91C7B3101D2FFE7A0054AD77 /* UIBarButtonItem-Extension.swift in Sources */,
				910A694E1D2D5D630010ACD9 /* HomeViewController.swift in Sources */,
				91991A1A1D2D3B0300D2E9FD /* AppDelegate.swift in Sources */,
				9199155E1D2E9589002F1A13 /* ZNTabBar.swift in Sources */,
				5C8033F61D309C3000BEA75F /* NetworkTools.swift in Sources */,
				910A69501D2D5D6F0010ACD9 /* MessageViewController.swift in Sources */,
				5C7A68BF1D34F194005A329F /* Status.swift in Sources */,
				9199156A1D2EC44D002F1A13 /* BaseViewController.swift in Sources */,
				9108DBD31D30104300110C85 /* PopoverAnimator.swift in Sources */,
				910A69521D2D5D770010ACD9 /* DiscoverViewController.swift in Sources */,
				910A694C1D2D5D210010ACD9 /* MainViewController.swift in Sources */,
				91C7B3121D2FFF2B0054AD77 /* TitleButton.swift in Sources */,
				919915721D2EC53E002F1A13 /* VisitorView.swift in Sources */,
			);
			runOnlyForDeploymentPostprocessing = 0;
		};
		91991A261D2D3B0300D2E9FD /* Sources */ = {
			isa = PBXSourcesBuildPhase;
			buildActionMask = 2147483647;
			files = (
				91991A2F1D2D3B0300D2E9FD /* ZNWeiboTests.swift in Sources */,
			);
			runOnlyForDeploymentPostprocessing = 0;
		};
		91991A311D2D3B0300D2E9FD /* Sources */ = {
			isa = PBXSourcesBuildPhase;
			buildActionMask = 2147483647;
			files = (
				91991A3A1D2D3B0300D2E9FD /* ZNWeiboUITests.swift in Sources */,
			);
			runOnlyForDeploymentPostprocessing = 0;
		};
/* End PBXSourcesBuildPhase section */

/* Begin PBXTargetDependency section */
		91991A2C1D2D3B0300D2E9FD /* PBXTargetDependency */ = {
			isa = PBXTargetDependency;
			target = 91991A151D2D3B0300D2E9FD /* ZNWeibo */;
			targetProxy = 91991A2B1D2D3B0300D2E9FD /* PBXContainerItemProxy */;
		};
		91991A371D2D3B0300D2E9FD /* PBXTargetDependency */ = {
			isa = PBXTargetDependency;
			target = 91991A151D2D3B0300D2E9FD /* ZNWeibo */;
			targetProxy = 91991A361D2D3B0300D2E9FD /* PBXContainerItemProxy */;
		};
/* End PBXTargetDependency section */

/* Begin PBXVariantGroup section */
		91991A1D1D2D3B0300D2E9FD /* Main.storyboard */ = {
			isa = PBXVariantGroup;
			children = (
				91991A1E1D2D3B0300D2E9FD /* Base */,
			);
			name = Main.storyboard;
			sourceTree = "<group>";
		};
/* End PBXVariantGroup section */

/* Begin XCBuildConfiguration section */
		91991A3C1D2D3B0300D2E9FD /* Debug */ = {
			isa = XCBuildConfiguration;
			buildSettings = {
				ALWAYS_SEARCH_USER_PATHS = NO;
				CLANG_ANALYZER_NONNULL = YES;
				CLANG_CXX_LANGUAGE_STANDARD = "gnu++0x";
				CLANG_CXX_LIBRARY = "libc++";
				CLANG_ENABLE_MODULES = YES;
				CLANG_ENABLE_OBJC_ARC = YES;
				CLANG_WARN_BOOL_CONVERSION = YES;
				CLANG_WARN_CONSTANT_CONVERSION = YES;
				CLANG_WARN_DIRECT_OBJC_ISA_USAGE = YES_ERROR;
				CLANG_WARN_EMPTY_BODY = YES;
				CLANG_WARN_ENUM_CONVERSION = YES;
				CLANG_WARN_INT_CONVERSION = YES;
				CLANG_WARN_OBJC_ROOT_CLASS = YES_ERROR;
				CLANG_WARN_UNREACHABLE_CODE = YES;
				CLANG_WARN__DUPLICATE_METHOD_MATCH = YES;
				"CODE_SIGN_IDENTITY[sdk=iphoneos*]" = "iPhone Developer";
				COPY_PHASE_STRIP = NO;
				DEBUG_INFORMATION_FORMAT = dwarf;
				ENABLE_STRICT_OBJC_MSGSEND = YES;
				ENABLE_TESTABILITY = YES;
				GCC_C_LANGUAGE_STANDARD = gnu99;
				GCC_DYNAMIC_NO_PIC = NO;
				GCC_NO_COMMON_BLOCKS = YES;
				GCC_OPTIMIZATION_LEVEL = 0;
				GCC_PREPROCESSOR_DEFINITIONS = (
					"DEBUG=1",
					"$(inherited)",
				);
				GCC_WARN_64_TO_32_BIT_CONVERSION = YES;
				GCC_WARN_ABOUT_RETURN_TYPE = YES_ERROR;
				GCC_WARN_UNDECLARED_SELECTOR = YES;
				GCC_WARN_UNINITIALIZED_AUTOS = YES_AGGRESSIVE;
				GCC_WARN_UNUSED_FUNCTION = YES;
				GCC_WARN_UNUSED_VARIABLE = YES;
				IPHONEOS_DEPLOYMENT_TARGET = 9.3;
				MTL_ENABLE_DEBUG_INFO = YES;
				ONLY_ACTIVE_ARCH = YES;
				SDKROOT = iphoneos;
				SWIFT_OPTIMIZATION_LEVEL = "-Onone";
			};
			name = Debug;
		};
		91991A3D1D2D3B0300D2E9FD /* Release */ = {
			isa = XCBuildConfiguration;
			buildSettings = {
				ALWAYS_SEARCH_USER_PATHS = NO;
				CLANG_ANALYZER_NONNULL = YES;
				CLANG_CXX_LANGUAGE_STANDARD = "gnu++0x";
				CLANG_CXX_LIBRARY = "libc++";
				CLANG_ENABLE_MODULES = YES;
				CLANG_ENABLE_OBJC_ARC = YES;
				CLANG_WARN_BOOL_CONVERSION = YES;
				CLANG_WARN_CONSTANT_CONVERSION = YES;
				CLANG_WARN_DIRECT_OBJC_ISA_USAGE = YES_ERROR;
				CLANG_WARN_EMPTY_BODY = YES;
				CLANG_WARN_ENUM_CONVERSION = YES;
				CLANG_WARN_INT_CONVERSION = YES;
				CLANG_WARN_OBJC_ROOT_CLASS = YES_ERROR;
				CLANG_WARN_UNREACHABLE_CODE = YES;
				CLANG_WARN__DUPLICATE_METHOD_MATCH = YES;
				"CODE_SIGN_IDENTITY[sdk=iphoneos*]" = "iPhone Developer";
				COPY_PHASE_STRIP = NO;
				DEBUG_INFORMATION_FORMAT = "dwarf-with-dsym";
				ENABLE_NS_ASSERTIONS = NO;
				ENABLE_STRICT_OBJC_MSGSEND = YES;
				GCC_C_LANGUAGE_STANDARD = gnu99;
				GCC_NO_COMMON_BLOCKS = YES;
				GCC_WARN_64_TO_32_BIT_CONVERSION = YES;
				GCC_WARN_ABOUT_RETURN_TYPE = YES_ERROR;
				GCC_WARN_UNDECLARED_SELECTOR = YES;
				GCC_WARN_UNINITIALIZED_AUTOS = YES_AGGRESSIVE;
				GCC_WARN_UNUSED_FUNCTION = YES;
				GCC_WARN_UNUSED_VARIABLE = YES;
				IPHONEOS_DEPLOYMENT_TARGET = 9.3;
				MTL_ENABLE_DEBUG_INFO = NO;
				SDKROOT = iphoneos;
				VALIDATE_PRODUCT = YES;
			};
			name = Release;
		};
		91991A3F1D2D3B0300D2E9FD /* Debug */ = {
			isa = XCBuildConfiguration;
			baseConfigurationReference = 4DF3664785323A256DE64B16 /* Pods-ZNWeibo.debug.xcconfig */;
			buildSettings = {
				ASSETCATALOG_COMPILER_APPICON_NAME = AppIcon;
				ASSETCATALOG_COMPILER_LAUNCHIMAGE_NAME = "Brand Assets";
				INFOPLIST_FILE = ZNWeibo/Info.plist;
				IPHONEOS_DEPLOYMENT_TARGET = 8.0;
				LD_RUNPATH_SEARCH_PATHS = "$(inherited) @executable_path/Frameworks";
				OTHER_SWIFT_FLAGS = "$(inherited) \"-D\" \"COCOAPODS\"";
				"OTHER_SWIFT_FLAGS[arch=*]" = "-D DEBUG";
				PRODUCT_BUNDLE_IDENTIFIER = com.zhenniukeji.ZNWeibo;
				PRODUCT_NAME = "$(TARGET_NAME)";
			};
			name = Debug;
		};
		91991A401D2D3B0300D2E9FD /* Release */ = {
			isa = XCBuildConfiguration;
			baseConfigurationReference = D29CFCDFCCAEC265826BFF91 /* Pods-ZNWeibo.release.xcconfig */;
			buildSettings = {
				ASSETCATALOG_COMPILER_APPICON_NAME = AppIcon;
				ASSETCATALOG_COMPILER_LAUNCHIMAGE_NAME = "Brand Assets";
				INFOPLIST_FILE = ZNWeibo/Info.plist;
				IPHONEOS_DEPLOYMENT_TARGET = 8.0;
				LD_RUNPATH_SEARCH_PATHS = "$(inherited) @executable_path/Frameworks";
				OTHER_SWIFT_FLAGS = "$(inherited) \"-D\" \"COCOAPODS\"";
				PRODUCT_BUNDLE_IDENTIFIER = com.zhenniukeji.ZNWeibo;
				PRODUCT_NAME = "$(TARGET_NAME)";
			};
			name = Release;
		};
		91991A421D2D3B0300D2E9FD /* Debug */ = {
			isa = XCBuildConfiguration;
			buildSettings = {
				BUNDLE_LOADER = "$(TEST_HOST)";
				INFOPLIST_FILE = ZNWeiboTests/Info.plist;
				LD_RUNPATH_SEARCH_PATHS = "$(inherited) @executable_path/Frameworks @loader_path/Frameworks";
				PRODUCT_BUNDLE_IDENTIFIER = com.zhenniukeji.ZNWeiboTests;
				PRODUCT_NAME = "$(TARGET_NAME)";
				TEST_HOST = "$(BUILT_PRODUCTS_DIR)/ZNWeibo.app/ZNWeibo";
			};
			name = Debug;
		};
		91991A431D2D3B0300D2E9FD /* Release */ = {
			isa = XCBuildConfiguration;
			buildSettings = {
				BUNDLE_LOADER = "$(TEST_HOST)";
				INFOPLIST_FILE = ZNWeiboTests/Info.plist;
				LD_RUNPATH_SEARCH_PATHS = "$(inherited) @executable_path/Frameworks @loader_path/Frameworks";
				PRODUCT_BUNDLE_IDENTIFIER = com.zhenniukeji.ZNWeiboTests;
				PRODUCT_NAME = "$(TARGET_NAME)";
				TEST_HOST = "$(BUILT_PRODUCTS_DIR)/ZNWeibo.app/ZNWeibo";
			};
			name = Release;
		};
		91991A451D2D3B0300D2E9FD /* Debug */ = {
			isa = XCBuildConfiguration;
			buildSettings = {
				INFOPLIST_FILE = ZNWeiboUITests/Info.plist;
				LD_RUNPATH_SEARCH_PATHS = "$(inherited) @executable_path/Frameworks @loader_path/Frameworks";
				PRODUCT_BUNDLE_IDENTIFIER = com.zhenniukeji.ZNWeiboUITests;
				PRODUCT_NAME = "$(TARGET_NAME)";
				TEST_TARGET_NAME = ZNWeibo;
			};
			name = Debug;
		};
		91991A461D2D3B0300D2E9FD /* Release */ = {
			isa = XCBuildConfiguration;
			buildSettings = {
				INFOPLIST_FILE = ZNWeiboUITests/Info.plist;
				LD_RUNPATH_SEARCH_PATHS = "$(inherited) @executable_path/Frameworks @loader_path/Frameworks";
				PRODUCT_BUNDLE_IDENTIFIER = com.zhenniukeji.ZNWeiboUITests;
				PRODUCT_NAME = "$(TARGET_NAME)";
				TEST_TARGET_NAME = ZNWeibo;
			};
			name = Release;
		};
/* End XCBuildConfiguration section */

/* Begin XCConfigurationList section */
		91991A111D2D3B0300D2E9FD /* Build configuration list for PBXProject "ZNWeibo" */ = {
			isa = XCConfigurationList;
			buildConfigurations = (
				91991A3C1D2D3B0300D2E9FD /* Debug */,
				91991A3D1D2D3B0300D2E9FD /* Release */,
			);
			defaultConfigurationIsVisible = 0;
			defaultConfigurationName = Release;
		};
		91991A3E1D2D3B0300D2E9FD /* Build configuration list for PBXNativeTarget "ZNWeibo" */ = {
			isa = XCConfigurationList;
			buildConfigurations = (
				91991A3F1D2D3B0300D2E9FD /* Debug */,
				91991A401D2D3B0300D2E9FD /* Release */,
			);
			defaultConfigurationIsVisible = 0;
			defaultConfigurationName = Release;
		};
		91991A411D2D3B0300D2E9FD /* Build configuration list for PBXNativeTarget "ZNWeiboTests" */ = {
			isa = XCConfigurationList;
			buildConfigurations = (
				91991A421D2D3B0300D2E9FD /* Debug */,
				91991A431D2D3B0300D2E9FD /* Release */,
			);
			defaultConfigurationIsVisible = 0;
			defaultConfigurationName = Release;
		};
		91991A441D2D3B0300D2E9FD /* Build configuration list for PBXNativeTarget "ZNWeiboUITests" */ = {
			isa = XCConfigurationList;
			buildConfigurations = (
				91991A451D2D3B0300D2E9FD /* Debug */,
				91991A461D2D3B0300D2E9FD /* Release */,
			);
			defaultConfigurationIsVisible = 0;
			defaultConfigurationName = Release;
		};
/* End XCConfigurationList section */
	};
	rootObject = 91991A0E1D2D3B0300D2E9FD /* Project object */;
}
